
Microsoft Visual Studio Solution File, Format Version 12.00
# Visual Studio Version 17
VisualStudioVersion = 17.14.36915.13 d17.14
MinimumVisualStudioVersion = 10.0.40219.1
Project("{FAE04EC0-301F-11D3-BF4B-00C04F79EFBC}") = "PlannerApi", "PlannerApi.csproj", "{C44593F6-FCB1-851B-58E0-9076B5CC088A}"
EndProject
Global
	GlobalSection(SolutionConfigurationPlatforms) = preSolution
		Debug|Any CPU = Debug|Any CPU
		Release|Any CPU = Release|Any CPU
	EndGlobalSection
	GlobalSection(ProjectConfigurationPlatforms) = postSolution
		{C44593F6-FCB1-851B-58E0-9076B5CC088A}.Debug|Any CPU.ActiveCfg = Debug|Any CPU
		{C44593F6-FCB1-851B-58E0-9076B5CC088A}.Debug|Any CPU.Build.0 = Debug|Any CPU
		{C44593F6-FCB1-851B-58E0-9076B5CC088A}.Release|Any CPU.ActiveCfg = Release|Any CPU
		{C44593F6-FCB1-851B-58E0-9076B5CC088A}.Release|Any CPU.Build.0 = Release|Any CPU
	EndGlobalSection
	GlobalSection(SolutionProperties) = preSolution
		HideSolutionNode = FALSE
	EndGlobalSection
	GlobalSection(ExtensibilityGlobals) = postSolution
		SolutionGuid = {57D7DC37-62A7-482E-82B9-71528CEF46A4}
	EndGlobalSection
EndGlobal
